
Microsoft Visual Studio Solution File, Format Version 12.00
# Visual Studio Version 17
VisualStudioVersion = 17.5.002.0
MinimumVisualStudioVersion = 10.0.40219.1
Project("{9A19103F-16F7-4668-BE54-9A1E7A4F7556}") = "mo", "mo.csproj", "{6E859784-A0C8-4633-A46E-D1855C1DD203}"
EndProject
Global
	GlobalSection(SolutionConfigurationPlatforms) = preSolution
		Debug|Any CPU = Debug|Any CPU
		Release|Any CPU = Release|Any CPU
	EndGlobalSection
	GlobalSection(ProjectConfigurationPlatforms) = postSolution
		{6E859784-A0C8-4633-A46E-D1855C1DD203}.Debug|Any CPU.ActiveCfg = Debug|Any CPU
		{6E859784-A0C8-4633-A46E-D1855C1DD203}.Debug|Any CPU.Build.0 = Debug|Any CPU
		{6E859784-A0C8-4633-A46E-D1855C1DD203}.Release|Any CPU.ActiveCfg = Release|Any CPU
		{6E859784-A0C8-4633-A46E-D1855C1DD203}.Release|Any CPU.Build.0 = Release|Any CPU
	EndGlobalSection
	GlobalSection(SolutionProperties) = preSolution
		HideSolutionNode = FALSE
	EndGlobalSection
	GlobalSection(ExtensibilityGlobals) = postSolution
		SolutionGuid = {29C735EE-59E4-42DC-ACC2-F2723AB0A6B3}
	EndGlobalSection
EndGlobal
